
Microsoft Visual Studio Solution File, Format Version 12.00
# Visual Studio Version 16
VisualStudioVersion = 16.0.29326.143
MinimumVisualStudioVersion = 10.0.40219.1
Project("{9A19103F-16F7-4668-BE54-9A1E7A4F7556}") = "JudoSystem", "JudoSystem\JudoSystem.csproj", "{60FE1433-FE1C-4AAB-9E28-4C6F0B9FCC60}"
EndProject
Project("{9A19103F-16F7-4668-BE54-9A1E7A4F7556}") = "Entities", "Entities\Entities.csproj", "{B0EC4260-B213-494F-88A4-C272BD077C2E}"
EndProject
Project("{9A19103F-16F7-4668-BE54-9A1E7A4F7556}") = "Contracts", "Contracts\Contracts.csproj", "{F8946FD7-2B80-4D75-A00B-52F94C018AEF}"
EndProject
Project("{9A19103F-16F7-4668-BE54-9A1E7A4F7556}") = "Repository", "Repository\Repository.csproj", "{4F04B632-A3F5-4D55-8262-967AE7901313}"
EndProject
Project("{9A19103F-16F7-4668-BE54-9A1E7A4F7556}") = "LoggerService", "LoggerService\LoggerService.csproj", "{DB7426A5-4B75-4A78-B235-9A71577C52AD}"
EndProject
Project("{9A19103F-16F7-4668-BE54-9A1E7A4F7556}") = "ActionFilters", "ActionFilters\ActionFilters.csproj", "{518C816A-39AC-4CCC-A3C5-7E659B3A8BCC}"
EndProject
Project("{FAE04EC0-301F-11D3-BF4B-00C04F79EFBC}") = "Enums", "Enums\Enums.csproj", "{4B6CD388-04EA-433A-962E-98CFCB011066}"
EndProject
Global
	GlobalSection(SolutionConfigurationPlatforms) = preSolution
		Debug|Any CPU = Debug|Any CPU
		Release|Any CPU = Release|Any CPU
	EndGlobalSection
	GlobalSection(ProjectConfigurationPlatforms) = postSolution
		{60FE1433-FE1C-4AAB-9E28-4C6F0B9FCC60}.Debug|Any CPU.ActiveCfg = Debug|Any CPU
		{60FE1433-FE1C-4AAB-9E28-4C6F0B9FCC60}.Debug|Any CPU.Build.0 = Debug|Any CPU
		{60FE1433-FE1C-4AAB-9E28-4C6F0B9FCC60}.Release|Any CPU.ActiveCfg = Release|Any CPU
		{60FE1433-FE1C-4AAB-9E28-4C6F0B9FCC60}.Release|Any CPU.Build.0 = Release|Any CPU
		{B0EC4260-B213-494F-88A4-C272BD077C2E}.Debug|Any CPU.ActiveCfg = Debug|Any CPU
		{B0EC4260-B213-494F-88A4-C272BD077C2E}.Debug|Any CPU.Build.0 = Debug|Any CPU
		{B0EC4260-B213-494F-88A4-C272BD077C2E}.Release|Any CPU.ActiveCfg = Release|Any CPU
		{B0EC4260-B213-494F-88A4-C272BD077C2E}.Release|Any CPU.Build.0 = Release|Any CPU
		{F8946FD7-2B80-4D75-A00B-52F94C018AEF}.Debug|Any CPU.ActiveCfg = Debug|Any CPU
		{F8946FD7-2B80-4D75-A00B-52F94C018AEF}.Debug|Any CPU.Build.0 = Debug|Any CPU
		{F8946FD7-2B80-4D75-A00B-52F94C018AEF}.Release|Any CPU.ActiveCfg = Release|Any CPU
		{F8946FD7-2B80-4D75-A00B-52F94C018AEF}.Release|Any CPU.Build.0 = Release|Any CPU
		{4F04B632-A3F5-4D55-8262-967AE7901313}.Debug|Any CPU.ActiveCfg = Debug|Any CPU
		{4F04B632-A3F5-4D55-8262-967AE7901313}.Debug|Any CPU.Build.0 = Debug|Any CPU
		{4F04B632-A3F5-4D55-8262-967AE7901313}.Release|Any CPU.ActiveCfg = Release|Any CPU
		{4F04B632-A3F5-4D55-8262-967AE7901313}.Release|Any CPU.Build.0 = Release|Any CPU
		{DB7426A5-4B75-4A78-B235-9A71577C52AD}.Debug|Any CPU.ActiveCfg = Debug|Any CPU
		{DB7426A5-4B75-4A78-B235-9A71577C52AD}.Debug|Any CPU.Build.0 = Debug|Any CPU
		{DB7426A5-4B75-4A78-B235-9A71577C52AD}.Release|Any CPU.ActiveCfg = Release|Any CPU
		{DB7426A5-4B75-4A78-B235-9A71577C52AD}.Release|Any CPU.Build.0 = Release|Any CPU
		{518C816A-39AC-4CCC-A3C5-7E659B3A8BCC}.Debug|Any CPU.ActiveCfg = Debug|Any CPU
		{518C816A-39AC-4CCC-A3C5-7E659B3A8BCC}.Debug|Any CPU.Build.0 = Debug|Any CPU
		{518C816A-39AC-4CCC-A3C5-7E659B3A8BCC}.Release|Any CPU.ActiveCfg = Release|Any CPU
		{518C816A-39AC-4CCC-A3C5-7E659B3A8BCC}.Release|Any CPU.Build.0 = Release|Any CPU
		{4B6CD388-04EA-433A-962E-98CFCB011066}.Debug|Any CPU.ActiveCfg = Debug|Any CPU
		{4B6CD388-04EA-433A-962E-98CFCB011066}.Debug|Any CPU.Build.0 = Debug|Any CPU
		{4B6CD388-04EA-433A-962E-98CFCB011066}.Release|Any CPU.ActiveCfg = Release|Any CPU
		{4B6CD388-04EA-433A-962E-98CFCB011066}.Release|Any CPU.Build.0 = Release|Any CPU
	EndGlobalSection
	GlobalSection(SolutionProperties) = preSolution
		HideSolutionNode = FALSE
	EndGlobalSection
	GlobalSection(ExtensibilityGlobals) = postSolution
		SolutionGuid = {C36E5B56-118C-4B93-9ECE-5258441CEEC5}
	EndGlobalSection
EndGlobal
